
Microsoft Visual Studio Solution File, Format Version 12.00
# Visual Studio Version 16
VisualStudioVersion = 16.0.29326.143
MinimumVisualStudioVersion = 10.0.40219.1
Project("{FAE04EC0-301F-11D3-BF4B-00C04F79EFBC}") = "GPM", "GPM\GPM.csproj", "{CC8A7D26-5B08-4348-90C2-CEB113F2AE68}"
EndProject
Global
	GlobalSection(SolutionConfigurationPlatforms) = preSolution
		Debug|Any CPU = Debug|Any CPU
		Release|Any CPU = Release|Any CPU
	EndGlobalSection
	GlobalSection(ProjectConfigurationPlatforms) = postSolution
		{CC8A7D26-5B08-4348-90C2-CEB113F2AE68}.Debug|Any CPU.ActiveCfg = Debug|Any CPU
		{CC8A7D26-5B08-4348-90C2-CEB113F2AE68}.Debug|Any CPU.Build.0 = Debug|Any CPU
		{CC8A7D26-5B08-4348-90C2-CEB113F2AE68}.Release|Any CPU.ActiveCfg = Release|Any CPU
		{CC8A7D26-5B08-4348-90C2-CEB113F2AE68}.Release|Any CPU.Build.0 = Release|Any CPU
	EndGlobalSection
	GlobalSection(SolutionProperties) = preSolution
		HideSolutionNode = FALSE
	EndGlobalSection
	GlobalSection(ExtensibilityGlobals) = postSolution
		SolutionGuid = {4C203C05-2B5E-444F-98D5-1795909B8937}
	EndGlobalSection
EndGlobal
